// !$*UTF8*$!
{
	archiveVersion = 1;
	classes = {
	};
	objectVersion = 50;
	objects = {

/* Begin PBXBuildFile section */
		E362E9F6269C186500E5AE79 /* PageViewController.swift in Sources */ = {isa = PBXBuildFile; fileRef = E362E9F5269C186500E5AE79 /* PageViewController.swift */; };
		E362E9F9269C1B6900E5AE79 /* FeatureCard.swift in Sources */ = {isa = PBXBuildFile; fileRef = E362E9F8269C1B6900E5AE79 /* FeatureCard.swift */; };
		E362E9FB269C1DC700E5AE79 /* PageView.swift in Sources */ = {isa = PBXBuildFile; fileRef = E362E9FA269C1DC700E5AE79 /* PageView.swift */; };
		E362E9FD269C400800E5AE79 /* PageControl.swift in Sources */ = {isa = PBXBuildFile; fileRef = E362E9FC269C400800E5AE79 /* PageControl.swift */; };
		E362EA03269D7C1E00E5AE79 /* Assets.xcassets in Resources */ = {isa = PBXBuildFile; fileRef = E362EA02269D7C1E00E5AE79 /* Assets.xcassets */; };
		E362EA0A269D7C1E00E5AE79 /* WatchLandmarks Extension.appex in Embed App Extensions */ = {isa = PBXBuildFile; fileRef = E362EA09269D7C1E00E5AE79 /* WatchLandmarks Extension.appex */; settings = {ATTRIBUTES = (RemoveHeadersOnCopy, ); }; };
		E362EA11269D7C1E00E5AE79 /* ContentView.swift in Sources */ = {isa = PBXBuildFile; fileRef = E362EA10269D7C1E00E5AE79 /* ContentView.swift */; };
		E362EA13269D7C1E00E5AE79 /* NotificationController.swift in Sources */ = {isa = PBXBuildFile; fileRef = E362EA12269D7C1E00E5AE79 /* NotificationController.swift */; };
		E362EA15269D7C1E00E5AE79 /* NotificationView.swift in Sources */ = {isa = PBXBuildFile; fileRef = E362EA14269D7C1E00E5AE79 /* NotificationView.swift */; };
		E362EA17269D7C1E00E5AE79 /* ComplicationController.swift in Sources */ = {isa = PBXBuildFile; fileRef = E362EA16269D7C1E00E5AE79 /* ComplicationController.swift */; };
		E362EA19269D7C1F00E5AE79 /* Assets.xcassets in Resources */ = {isa = PBXBuildFile; fileRef = E362EA18269D7C1F00E5AE79 /* Assets.xcassets */; };
		E362EA1C269D7C1F00E5AE79 /* Preview Assets.xcassets in Resources */ = {isa = PBXBuildFile; fileRef = E362EA1B269D7C1F00E5AE79 /* Preview Assets.xcassets */; };
		E362EA21269D7C1F00E5AE79 /* WatchLandmarks.app in Embed Watch Content */ = {isa = PBXBuildFile; fileRef = E362EA00269D7C1D00E5AE79 /* WatchLandmarks.app */; settings = {ATTRIBUTES = (RemoveHeadersOnCopy, ); }; };
		E362EA36269D7E2800E5AE79 /* landmarkData.json in Resources */ = {isa = PBXBuildFile; fileRef = E38AB25B26885DCC0077B1DE /* landmarkData.json */; };
		E362EA37269D7E2800E5AE79 /* Assets.xcassets in Resources */ = {isa = PBXBuildFile; fileRef = E3EAF975268850AD00DA609E /* Assets.xcassets */; };
		E362EA38269D7E2800E5AE79 /* LandmarksApp.swift in Sources */ = {isa = PBXBuildFile; fileRef = E3EAF971268850AC00DA609E /* LandmarksApp.swift */; };
		E362EA39269D7E2800E5AE79 /* CircleImage.swift in Sources */ = {isa = PBXBuildFile; fileRef = E38AB257268855B20077B1DE /* CircleImage.swift */; };
		E362EA3A269D7E2800E5AE79 /* MapView.swift in Sources */ = {isa = PBXBuildFile; fileRef = E38AB259268857570077B1DE /* MapView.swift */; };
		E362EA3B269D7E2800E5AE79 /* ModelData.swift in Sources */ = {isa = PBXBuildFile; fileRef = E38AB25F268861DF0077B1DE /* ModelData.swift */; };
		E362EA3C269D7E2800E5AE79 /* hikeData.json in Resources */ = {isa = PBXBuildFile; fileRef = E3F2EDB32692E001002FBD32 /* hikeData.json */; };
		E362EA3D269D7E2800E5AE79 /* Hike.swift in Sources */ = {isa = PBXBuildFile; fileRef = E3F2EDB52692E01A002FBD32 /* Hike.swift */; };
		E362EA3E269D7E2800E5AE79 /* LandmarkRow.swift in Sources */ = {isa = PBXBuildFile; fileRef = E38AB264268864AC0077B1DE /* LandmarkRow.swift */; };
		E362EA3F269D7E2800E5AE79 /* LandmarkList.swift in Sources */ = {isa = PBXBuildFile; fileRef = E38AB266268866DC0077B1DE /* LandmarkList.swift */; };
		E362EA40269D7E2800E5AE79 /* Profile.swift in Sources */ = {isa = PBXBuildFile; fileRef = E3E667E32695D42E0090C9AC /* Profile.swift */; };
		E362EA41269D7E2800E5AE79 /* Landmark.swift in Sources */ = {isa = PBXBuildFile; fileRef = E38AB25D26885E050077B1DE /* Landmark.swift */; };
		E362EA43269D7F0600E5AE79 /* LandmarkDetail.swift in Sources */ = {isa = PBXBuildFile; fileRef = E362EA42269D7F0600E5AE79 /* LandmarkDetail.swift */; };
		E38AB258268855B20077B1DE /* CircleImage.swift in Sources */ = {isa = PBXBuildFile; fileRef = E38AB257268855B20077B1DE /* CircleImage.swift */; };
		E38AB25A268857570077B1DE /* MapView.swift in Sources */ = {isa = PBXBuildFile; fileRef = E38AB259268857570077B1DE /* MapView.swift */; };
		E38AB25C26885DCC0077B1DE /* landmarkData.json in Resources */ = {isa = PBXBuildFile; fileRef = E38AB25B26885DCC0077B1DE /* landmarkData.json */; };
		E38AB25E26885E050077B1DE /* Landmark.swift in Sources */ = {isa = PBXBuildFile; fileRef = E38AB25D26885E050077B1DE /* Landmark.swift */; };
		E38AB260268861DF0077B1DE /* ModelData.swift in Sources */ = {isa = PBXBuildFile; fileRef = E38AB25F268861DF0077B1DE /* ModelData.swift */; };
		E38AB265268864AC0077B1DE /* LandmarkRow.swift in Sources */ = {isa = PBXBuildFile; fileRef = E38AB264268864AC0077B1DE /* LandmarkRow.swift */; };
		E38AB267268866DC0077B1DE /* LandmarkList.swift in Sources */ = {isa = PBXBuildFile; fileRef = E38AB266268866DC0077B1DE /* LandmarkList.swift */; };
		E38AB269268868750077B1DE /* LandmarkDetail.swift in Sources */ = {isa = PBXBuildFile; fileRef = E38AB268268868750077B1DE /* LandmarkDetail.swift */; };
		E3A0B0CC2688AC9F002DE0B0 /* FavoriteButton.swift in Sources */ = {isa = PBXBuildFile; fileRef = E3A0B0CB2688AC9F002DE0B0 /* FavoriteButton.swift */; };
		E3A0B0D02688B994002DE0B0 /* HexagonParameters.swift in Sources */ = {isa = PBXBuildFile; fileRef = E3A0B0CF2688B994002DE0B0 /* HexagonParameters.swift */; };
		E3A0B0D22688BBF6002DE0B0 /* BadgeBackground.swift in Sources */ = {isa = PBXBuildFile; fileRef = E3A0B0D12688BBF6002DE0B0 /* BadgeBackground.swift */; };
		E3A0B0D426896121002DE0B0 /* BadgeSymbol.swift in Sources */ = {isa = PBXBuildFile; fileRef = E3A0B0D326896121002DE0B0 /* BadgeSymbol.swift */; };
		E3A0B0D6268965FF002DE0B0 /* RotatedBadgeSymbol.swift in Sources */ = {isa = PBXBuildFile; fileRef = E3A0B0D5268965FF002DE0B0 /* RotatedBadgeSymbol.swift */; };
		E3A0B0D8268966D2002DE0B0 /* Badge.swift in Sources */ = {isa = PBXBuildFile; fileRef = E3A0B0D7268966D2002DE0B0 /* Badge.swift */; };
		E3CDD57F26972F1900FD1EFB /* ProfileEditor.swift in Sources */ = {isa = PBXBuildFile; fileRef = E3CDD57E26972F1900FD1EFB /* ProfileEditor.swift */; };
		E3E667DD26942DB50090C9AC /* CategoryHome.swift in Sources */ = {isa = PBXBuildFile; fileRef = E3E667DC26942DB50090C9AC /* CategoryHome.swift */; };
		E3E667E0269435030090C9AC /* CategoryRow.swift in Sources */ = {isa = PBXBuildFile; fileRef = E3E667DF269435030090C9AC /* CategoryRow.swift */; };
		E3E667E2269436D90090C9AC /* CategoryItem.swift in Sources */ = {isa = PBXBuildFile; fileRef = E3E667E1269436D90090C9AC /* CategoryItem.swift */; };
		E3E667E42695D42E0090C9AC /* Profile.swift in Sources */ = {isa = PBXBuildFile; fileRef = E3E667E32695D42E0090C9AC /* Profile.swift */; };
		E3E667E62695D5830090C9AC /* ProfileHost.swift in Sources */ = {isa = PBXBuildFile; fileRef = E3E667E52695D5820090C9AC /* ProfileHost.swift */; };
		E3E667E92695D62B0090C9AC /* ProfileSummary.swift in Sources */ = {isa = PBXBuildFile; fileRef = E3E667E82695D62B0090C9AC /* ProfileSummary.swift */; };
		E3E667EB2695D7C00090C9AC /* HikeBadge.swift in Sources */ = {isa = PBXBuildFile; fileRef = E3E667EA2695D7C00090C9AC /* HikeBadge.swift */; };
		E3EAF972268850AC00DA609E /* LandmarksApp.swift in Sources */ = {isa = PBXBuildFile; fileRef = E3EAF971268850AC00DA609E /* LandmarksApp.swift */; };
		E3EAF974268850AC00DA609E /* ContentView.swift in Sources */ = {isa = PBXBuildFile; fileRef = E3EAF973268850AC00DA609E /* ContentView.swift */; };
		E3EAF976268850AD00DA609E /* Assets.xcassets in Resources */ = {isa = PBXBuildFile; fileRef = E3EAF975268850AD00DA609E /* Assets.xcassets */; };
		E3EAF979268850AD00DA609E /* Preview Assets.xcassets in Resources */ = {isa = PBXBuildFile; fileRef = E3EAF978268850AD00DA609E /* Preview Assets.xcassets */; };
		E3F2EDB42692E001002FBD32 /* hikeData.json in Resources */ = {isa = PBXBuildFile; fileRef = E3F2EDB32692E001002FBD32 /* hikeData.json */; };
		E3F2EDB62692E01A002FBD32 /* Hike.swift in Sources */ = {isa = PBXBuildFile; fileRef = E3F2EDB52692E01A002FBD32 /* Hike.swift */; };
		E3F2EDBC2692E244002FBD32 /* GraphCapsule.swift in Sources */ = {isa = PBXBuildFile; fileRef = E3F2EDB82692E244002FBD32 /* GraphCapsule.swift */; };
		E3F2EDBD2692E244002FBD32 /* HikeGraph.swift in Sources */ = {isa = PBXBuildFile; fileRef = E3F2EDB92692E244002FBD32 /* HikeGraph.swift */; };
		E3F2EDBE2692E244002FBD32 /* HikeDetail.swift in Sources */ = {isa = PBXBuildFile; fileRef = E3F2EDBA2692E244002FBD32 /* HikeDetail.swift */; };
		E3F2EDBF2692E244002FBD32 /* HikeView.swift in Sources */ = {isa = PBXBuildFile; fileRef = E3F2EDBB2692E244002FBD32 /* HikeView.swift */; };
/* End PBXBuildFile section */

/* Begin PBXContainerItemProxy section */
		E362EA0B269D7C1E00E5AE79 /* PBXContainerItemProxy */ = {
			isa = PBXContainerItemProxy;
			containerPortal = E3EAF966268850AC00DA609E /* Project object */;
			proxyType = 1;
			remoteGlobalIDString = E362EA08269D7C1E00E5AE79;
			remoteInfo = "WatchLandmarks Extension";
		};
		E362EA1F269D7C1F00E5AE79 /* PBXContainerItemProxy */ = {
			isa = PBXContainerItemProxy;
			containerPortal = E3EAF966268850AC00DA609E /* Project object */;
			proxyType = 1;
			remoteGlobalIDString = E362E9FF269D7C1D00E5AE79;
			remoteInfo = WatchLandmarks;
		};
/* End PBXContainerItemProxy section */

/* Begin PBXCopyFilesBuildPhase section */
		E362EA22269D7C1F00E5AE79 /* Embed Watch Content */ = {
			isa = PBXCopyFilesBuildPhase;
			buildActionMask = 2147483647;
			dstPath = "$(CONTENTS_FOLDER_PATH)/Watch";
			dstSubfolderSpec = 16;
			files = (
				E362EA21269D7C1F00E5AE79 /* WatchLandmarks.app in Embed Watch Content */,
			);
			name = "Embed Watch Content";
			runOnlyForDeploymentPostprocessing = 0;
		};
		E362EA25269D7C1F00E5AE79 /* Embed App Extensions */ = {
			isa = PBXCopyFilesBuildPhase;
			buildActionMask = 2147483647;
			dstPath = "";
			dstSubfolderSpec = 13;
			files = (
				E362EA0A269D7C1E00E5AE79 /* WatchLandmarks Extension.appex in Embed App Extensions */,
			);
			name = "Embed App Extensions";
			runOnlyForDeploymentPostprocessing = 0;
		};
/* End PBXCopyFilesBuildPhase section */

/* Begin PBXFileReference section */
		E362E9F5269C186500E5AE79 /* PageViewController.swift */ = {isa = PBXFileReference; lastKnownFileType = sourcecode.swift; path = PageViewController.swift; sourceTree = "<group>"; };
		E362E9F8269C1B6900E5AE79 /* FeatureCard.swift */ = {isa = PBXFileReference; lastKnownFileType = sourcecode.swift; path = FeatureCard.swift; sourceTree = "<group>"; };
		E362E9FA269C1DC700E5AE79 /* PageView.swift */ = {isa = PBXFileReference; lastKnownFileType = sourcecode.swift; path = PageView.swift; sourceTree = "<group>"; };
		E362E9FC269C400800E5AE79 /* PageControl.swift */ = {isa = PBXFileReference; lastKnownFileType = sourcecode.swift; path = PageControl.swift; sourceTree = "<group>"; };
		E362EA00269D7C1D00E5AE79 /* WatchLandmarks.app */ = {isa = PBXFileReference; explicitFileType = wrapper.application; includeInIndex = 0; path = WatchLandmarks.app; sourceTree = BUILT_PRODUCTS_DIR; };
		E362EA02269D7C1E00E5AE79 /* Assets.xcassets */ = {isa = PBXFileReference; lastKnownFileType = folder.assetcatalog; path = Assets.xcassets; sourceTree = "<group>"; };
		E362EA04269D7C1E00E5AE79 /* Info.plist */ = {isa = PBXFileReference; lastKnownFileType = text.plist.xml; path = Info.plist; sourceTree = "<group>"; };
		E362EA09269D7C1E00E5AE79 /* WatchLandmarks Extension.appex */ = {isa = PBXFileReference; explicitFileType = "wrapper.app-extension"; includeInIndex = 0; path = "WatchLandmarks Extension.appex"; sourceTree = BUILT_PRODUCTS_DIR; };
		E362EA10269D7C1E00E5AE79 /* ContentView.swift */ = {isa = PBXFileReference; lastKnownFileType = sourcecode.swift; path = ContentView.swift; sourceTree = "<group>"; };
		E362EA12269D7C1E00E5AE79 /* NotificationController.swift */ = {isa = PBXFileReference; lastKnownFileType = sourcecode.swift; path = NotificationController.swift; sourceTree = "<group>"; };
		E362EA14269D7C1E00E5AE79 /* NotificationView.swift */ = {isa = PBXFileReference; lastKnownFileType = sourcecode.swift; path = NotificationView.swift; sourceTree = "<group>"; };
		E362EA16269D7C1E00E5AE79 /* ComplicationController.swift */ = {isa = PBXFileReference; lastKnownFileType = sourcecode.swift; path = ComplicationController.swift; sourceTree = "<group>"; };
		E362EA18269D7C1F00E5AE79 /* Assets.xcassets */ = {isa = PBXFileReference; lastKnownFileType = folder.assetcatalog; path = Assets.xcassets; sourceTree = "<group>"; };
		E362EA1B269D7C1F00E5AE79 /* Preview Assets.xcassets */ = {isa = PBXFileReference; lastKnownFileType = folder.assetcatalog; path = "Preview Assets.xcassets"; sourceTree = "<group>"; };
		E362EA1D269D7C1F00E5AE79 /* Info.plist */ = {isa = PBXFileReference; lastKnownFileType = text.plist.xml; path = Info.plist; sourceTree = "<group>"; };
		E362EA1E269D7C1F00E5AE79 /* PushNotificationPayload.apns */ = {isa = PBXFileReference; lastKnownFileType = text; path = PushNotificationPayload.apns; sourceTree = "<group>"; };
		E362EA42269D7F0600E5AE79 /* LandmarkDetail.swift */ = {isa = PBXFileReference; lastKnownFileType = sourcecode.swift; path = LandmarkDetail.swift; sourceTree = "<group>"; };
		E38AB257268855B20077B1DE /* CircleImage.swift */ = {isa = PBXFileReference; lastKnownFileType = sourcecode.swift; path = CircleImage.swift; sourceTree = "<group>"; };
		E38AB259268857570077B1DE /* MapView.swift */ = {isa = PBXFileReference; lastKnownFileType = sourcecode.swift; path = MapView.swift; sourceTree = "<group>"; };
		E38AB25B26885DCC0077B1DE /* landmarkData.json */ = {isa = PBXFileReference; fileEncoding = 4; lastKnownFileType = text.json; path = landmarkData.json; sourceTree = "<group>"; };
		E38AB25D26885E050077B1DE /* Landmark.swift */ = {isa = PBXFileReference; lastKnownFileType = sourcecode.swift; path = Landmark.swift; sourceTree = "<group>"; };
		E38AB25F268861DF0077B1DE /* ModelData.swift */ = {isa = PBXFileReference; lastKnownFileType = sourcecode.swift; path = ModelData.swift; sourceTree = "<group>"; };
		E38AB264268864AC0077B1DE /* LandmarkRow.swift */ = {isa = PBXFileReference; lastKnownFileType = sourcecode.swift; path = LandmarkRow.swift; sourceTree = "<group>"; };
		E38AB266268866DC0077B1DE /* LandmarkList.swift */ = {isa = PBXFileReference; lastKnownFileType = sourcecode.swift; path = LandmarkList.swift; sourceTree = "<group>"; };
		E38AB268268868750077B1DE /* LandmarkDetail.swift */ = {isa = PBXFileReference; lastKnownFileType = sourcecode.swift; path = LandmarkDetail.swift; sourceTree = "<group>"; };
		E3A0B0CB2688AC9F002DE0B0 /* FavoriteButton.swift */ = {isa = PBXFileReference; lastKnownFileType = sourcecode.swift; path = FavoriteButton.swift; sourceTree = "<group>"; };
		E3A0B0CF2688B994002DE0B0 /* HexagonParameters.swift */ = {isa = PBXFileReference; lastKnownFileType = sourcecode.swift; path = HexagonParameters.swift; sourceTree = "<group>"; };
		E3A0B0D12688BBF6002DE0B0 /* BadgeBackground.swift */ = {isa = PBXFileReference; lastKnownFileType = sourcecode.swift; path = BadgeBackground.swift; sourceTree = "<group>"; };
		E3A0B0D326896121002DE0B0 /* BadgeSymbol.swift */ = {isa = PBXFileReference; lastKnownFileType = sourcecode.swift; path = BadgeSymbol.swift; sourceTree = "<group>"; };
		E3A0B0D5268965FF002DE0B0 /* RotatedBadgeSymbol.swift */ = {isa = PBXFileReference; lastKnownFileType = sourcecode.swift; path = RotatedBadgeSymbol.swift; sourceTree = "<group>"; };
		E3A0B0D7268966D2002DE0B0 /* Badge.swift */ = {isa = PBXFileReference; lastKnownFileType = sourcecode.swift; path = Badge.swift; sourceTree = "<group>"; };
		E3CDD57E26972F1900FD1EFB /* ProfileEditor.swift */ = {isa = PBXFileReference; lastKnownFileType = sourcecode.swift; path = ProfileEditor.swift; sourceTree = "<group>"; };
		E3E667DC26942DB50090C9AC /* CategoryHome.swift */ = {isa = PBXFileReference; lastKnownFileType = sourcecode.swift; path = CategoryHome.swift; sourceTree = "<group>"; };
		E3E667DF269435030090C9AC /* CategoryRow.swift */ = {isa = PBXFileReference; lastKnownFileType = sourcecode.swift; path = CategoryRow.swift; sourceTree = "<group>"; };
		E3E667E1269436D90090C9AC /* CategoryItem.swift */ = {isa = PBXFileReference; lastKnownFileType = sourcecode.swift; path = CategoryItem.swift; sourceTree = "<group>"; };
		E3E667E32695D42E0090C9AC /* Profile.swift */ = {isa = PBXFileReference; lastKnownFileType = sourcecode.swift; path = Profile.swift; sourceTree = "<group>"; };
		E3E667E52695D5820090C9AC /* ProfileHost.swift */ = {isa = PBXFileReference; lastKnownFileType = sourcecode.swift; path = ProfileHost.swift; sourceTree = "<group>"; };
		E3E667E82695D62B0090C9AC /* ProfileSummary.swift */ = {isa = PBXFileReference; lastKnownFileType = sourcecode.swift; path = ProfileSummary.swift; sourceTree = "<group>"; };
		E3E667EA2695D7C00090C9AC /* HikeBadge.swift */ = {isa = PBXFileReference; lastKnownFileType = sourcecode.swift; path = HikeBadge.swift; sourceTree = "<group>"; };
		E3EAF96E268850AC00DA609E /* Landmarks.app */ = {isa = PBXFileReference; explicitFileType = wrapper.application; includeInIndex = 0; path = Landmarks.app; sourceTree = BUILT_PRODUCTS_DIR; };
		E3EAF971268850AC00DA609E /* LandmarksApp.swift */ = {isa = PBXFileReference; lastKnownFileType = sourcecode.swift; path = LandmarksApp.swift; sourceTree = "<group>"; };
		E3EAF973268850AC00DA609E /* ContentView.swift */ = {isa = PBXFileReference; lastKnownFileType = sourcecode.swift; path = ContentView.swift; sourceTree = "<group>"; };
		E3EAF975268850AD00DA609E /* Assets.xcassets */ = {isa = PBXFileReference; lastKnownFileType = folder.assetcatalog; path = Assets.xcassets; sourceTree = "<group>"; };
		E3EAF978268850AD00DA609E /* Preview Assets.xcassets */ = {isa = PBXFileReference; lastKnownFileType = folder.assetcatalog; path = "Preview Assets.xcassets"; sourceTree = "<group>"; };
		E3EAF97A268850AD00DA609E /* Info.plist */ = {isa = PBXFileReference; lastKnownFileType = text.plist.xml; path = Info.plist; sourceTree = "<group>"; };
		E3F2EDB32692E001002FBD32 /* hikeData.json */ = {isa = PBXFileReference; fileEncoding = 4; lastKnownFileType = text.json; path = hikeData.json; sourceTree = "<group>"; };
		E3F2EDB52692E01A002FBD32 /* Hike.swift */ = {isa = PBXFileReference; lastKnownFileType = sourcecode.swift; path = Hike.swift; sourceTree = "<group>"; };
		E3F2EDB82692E244002FBD32 /* GraphCapsule.swift */ = {isa = PBXFileReference; fileEncoding = 4; lastKnownFileType = sourcecode.swift; path = GraphCapsule.swift; sourceTree = "<group>"; };
		E3F2EDB92692E244002FBD32 /* HikeGraph.swift */ = {isa = PBXFileReference; fileEncoding = 4; lastKnownFileType = sourcecode.swift; path = HikeGraph.swift; sourceTree = "<group>"; };
		E3F2EDBA2692E244002FBD32 /* HikeDetail.swift */ = {isa = PBXFileReference; fileEncoding = 4; lastKnownFileType = sourcecode.swift; path = HikeDetail.swift; sourceTree = "<group>"; };
		E3F2EDBB2692E244002FBD32 /* HikeView.swift */ = {isa = PBXFileReference; fileEncoding = 4; lastKnownFileType = sourcecode.swift; path = HikeView.swift; sourceTree = "<group>"; };
/* End PBXFileReference section */

/* Begin PBXFrameworksBuildPhase section */
		E362EA06269D7C1E00E5AE79 /* Frameworks */ = {
			isa = PBXFrameworksBuildPhase;
			buildActionMask = 2147483647;
			files = (
			);
			runOnlyForDeploymentPostprocessing = 0;
		};
		E3EAF96B268850AC00DA609E /* Frameworks */ = {
			isa = PBXFrameworksBuildPhase;
			buildActionMask = 2147483647;
			files = (
			);
			runOnlyForDeploymentPostprocessing = 0;
		};
/* End PBXFrameworksBuildPhase section */

/* Begin PBXGroup section */
		E362E9F7269C186A00E5AE79 /* PageView */ = {
			isa = PBXGroup;
			children = (
				E362E9F5269C186500E5AE79 /* PageViewController.swift */,
				E362E9FC269C400800E5AE79 /* PageControl.swift */,
				E362E9F8269C1B6900E5AE79 /* FeatureCard.swift */,
				E362E9FA269C1DC700E5AE79 /* PageView.swift */,
			);
			path = PageView;
			sourceTree = "<group>";
		};
		E362EA01269D7C1D00E5AE79 /* WatchLandmarks */ = {
			isa = PBXGroup;
			children = (
				E362EA02269D7C1E00E5AE79 /* Assets.xcassets */,
				E362EA04269D7C1E00E5AE79 /* Info.plist */,
			);
			path = WatchLandmarks;
			sourceTree = "<group>";
		};
		E362EA0D269D7C1E00E5AE79 /* WatchLandmarks Extension */ = {
			isa = PBXGroup;
			children = (
				E362EA10269D7C1E00E5AE79 /* ContentView.swift */,
				E362EA42269D7F0600E5AE79 /* LandmarkDetail.swift */,
				E362EA12269D7C1E00E5AE79 /* NotificationController.swift */,
				E362EA14269D7C1E00E5AE79 /* NotificationView.swift */,
				E362EA16269D7C1E00E5AE79 /* ComplicationController.swift */,
				E362EA18269D7C1F00E5AE79 /* Assets.xcassets */,
				E362EA1D269D7C1F00E5AE79 /* Info.plist */,
				E362EA1E269D7C1F00E5AE79 /* PushNotificationPayload.apns */,
				E362EA1A269D7C1F00E5AE79 /* Preview Content */,
			);
			path = "WatchLandmarks Extension";
			sourceTree = "<group>";
		};
		E362EA1A269D7C1F00E5AE79 /* Preview Content */ = {
			isa = PBXGroup;
			children = (
				E362EA1B269D7C1F00E5AE79 /* Preview Assets.xcassets */,
			);
			path = "Preview Content";
			sourceTree = "<group>";
		};
		E38AB2612688641B0077B1DE /* Views */ = {
			isa = PBXGroup;
			children = (
				E3EAF973268850AC00DA609E /* ContentView.swift */,
				E362E9F7269C186A00E5AE79 /* PageView */,
				E3A0B0CE2688AF69002DE0B0 /* Landmarks */,
				E3A0B0CD2688AF5A002DE0B0 /* Helpers */,
				E3A0B0D926896D2A002DE0B0 /* Badges */,
				E3F2EDB72692E244002FBD32 /* Hikes */,
				E3E667DE26942DBB0090C9AC /* Categories */,
				E3E667E72695D58A0090C9AC /* Profiles */,
			);
			path = Views;
			sourceTree = "<group>";
		};
		E38AB262268864260077B1DE /* Model */ = {
			isa = PBXGroup;
			children = (
				E38AB25D26885E050077B1DE /* Landmark.swift */,
				E38AB25F268861DF0077B1DE /* ModelData.swift */,
				E3E667E32695D42E0090C9AC /* Profile.swift */,
				E3F2EDB52692E01A002FBD32 /* Hike.swift */,
			);
			path = Model;
			sourceTree = "<group>";
		};
		E38AB263268864340077B1DE /* Resources */ = {
			isa = PBXGroup;
			children = (
				E3F2EDB32692E001002FBD32 /* hikeData.json */,
				E38AB25B26885DCC0077B1DE /* landmarkData.json */,
			);
			path = Resources;
			sourceTree = "<group>";
		};
		E3A0B0CD2688AF5A002DE0B0 /* Helpers */ = {
			isa = PBXGroup;
			children = (
				E38AB257268855B20077B1DE /* CircleImage.swift */,
				E3A0B0CB2688AC9F002DE0B0 /* FavoriteButton.swift */,
				E38AB259268857570077B1DE /* MapView.swift */,
			);
			path = Helpers;
			sourceTree = "<group>";
		};
		E3A0B0CE2688AF69002DE0B0 /* Landmarks */ = {
			isa = PBXGroup;
			children = (
				E38AB266268866DC0077B1DE /* LandmarkList.swift */,
				E38AB264268864AC0077B1DE /* LandmarkRow.swift */,
				E38AB268268868750077B1DE /* LandmarkDetail.swift */,
			);
			path = Landmarks;
			sourceTree = "<group>";
		};
		E3A0B0D926896D2A002DE0B0 /* Badges */ = {
			isa = PBXGroup;
			children = (
				E3A0B0D7268966D2002DE0B0 /* Badge.swift */,
				E3A0B0D12688BBF6002DE0B0 /* BadgeBackground.swift */,
				E3A0B0D326896121002DE0B0 /* BadgeSymbol.swift */,
				E3A0B0D5268965FF002DE0B0 /* RotatedBadgeSymbol.swift */,
				E3A0B0CF2688B994002DE0B0 /* HexagonParameters.swift */,
			);
			path = Badges;
			sourceTree = "<group>";
		};
		E3E667DE26942DBB0090C9AC /* Categories */ = {
			isa = PBXGroup;
			children = (
				E3E667DC26942DB50090C9AC /* CategoryHome.swift */,
				E3E667DF269435030090C9AC /* CategoryRow.swift */,
				E3E667E1269436D90090C9AC /* CategoryItem.swift */,
			);
			path = Categories;
			sourceTree = "<group>";
		};
		E3E667E72695D58A0090C9AC /* Profiles */ = {
			isa = PBXGroup;
			children = (
				E3E667E52695D5820090C9AC /* ProfileHost.swift */,
				E3CDD57E26972F1900FD1EFB /* ProfileEditor.swift */,
				E3E667E82695D62B0090C9AC /* ProfileSummary.swift */,
			);
			path = Profiles;
			sourceTree = "<group>";
		};
		E3EAF965268850AC00DA609E = {
			isa = PBXGroup;
			children = (
				E3EAF970268850AC00DA609E /* Landmarks */,
				E362EA01269D7C1D00E5AE79 /* WatchLandmarks */,
				E362EA0D269D7C1E00E5AE79 /* WatchLandmarks Extension */,
				E3EAF96F268850AC00DA609E /* Products */,
			);
			sourceTree = "<group>";
		};
		E3EAF96F268850AC00DA609E /* Products */ = {
			isa = PBXGroup;
			children = (
				E3EAF96E268850AC00DA609E /* Landmarks.app */,
				E362EA00269D7C1D00E5AE79 /* WatchLandmarks.app */,
				E362EA09269D7C1E00E5AE79 /* WatchLandmarks Extension.appex */,
			);
			name = Products;
			sourceTree = "<group>";
		};
		E3EAF970268850AC00DA609E /* Landmarks */ = {
			isa = PBXGroup;
			children = (
				E3EAF971268850AC00DA609E /* LandmarksApp.swift */,
				E38AB2612688641B0077B1DE /* Views */,
				E38AB262268864260077B1DE /* Model */,
				E38AB263268864340077B1DE /* Resources */,
				E3EAF975268850AD00DA609E /* Assets.xcassets */,
				E3EAF97A268850AD00DA609E /* Info.plist */,
				E3EAF977268850AD00DA609E /* Preview Content */,
			);
			path = Landmarks;
			sourceTree = "<group>";
		};
		E3EAF977268850AD00DA609E /* Preview Content */ = {
			isa = PBXGroup;
			children = (
				E3EAF978268850AD00DA609E /* Preview Assets.xcassets */,
			);
			path = "Preview Content";
			sourceTree = "<group>";
		};
		E3F2EDB72692E244002FBD32 /* Hikes */ = {
			isa = PBXGroup;
			children = (
				E3F2EDB82692E244002FBD32 /* GraphCapsule.swift */,
				E3F2EDB92692E244002FBD32 /* HikeGraph.swift */,
				E3F2EDBA2692E244002FBD32 /* HikeDetail.swift */,
				E3F2EDBB2692E244002FBD32 /* HikeView.swift */,
				E3E667EA2695D7C00090C9AC /* HikeBadge.swift */,
			);
			path = Hikes;
			sourceTree = "<group>";
		};
/* End PBXGroup section */

/* Begin PBXNativeTarget section */
		E362E9FF269D7C1D00E5AE79 /* WatchLandmarks */ = {
			isa = PBXNativeTarget;
			buildConfigurationList = E362EA29269D7C1F00E5AE79 /* Build configuration list for PBXNativeTarget "WatchLandmarks" */;
			buildPhases = (
				E362E9FE269D7C1D00E5AE79 /* Resources */,
				E362EA25269D7C1F00E5AE79 /* Embed App Extensions */,
			);
			buildRules = (
			);
			dependencies = (
				E362EA0C269D7C1E00E5AE79 /* PBXTargetDependency */,
			);
			name = WatchLandmarks;
			productName = WatchLandmarks;
			productReference = E362EA00269D7C1D00E5AE79 /* WatchLandmarks.app */;
			productType = "com.apple.product-type.application.watchapp2";
		};
		E362EA08269D7C1E00E5AE79 /* WatchLandmarks Extension */ = {
			isa = PBXNativeTarget;
			buildConfigurationList = E362EA28269D7C1F00E5AE79 /* Build configuration list for PBXNativeTarget "WatchLandmarks Extension" */;
			buildPhases = (
				E362EA05269D7C1E00E5AE79 /* Sources */,
				E362EA06269D7C1E00E5AE79 /* Frameworks */,
				E362EA07269D7C1E00E5AE79 /* Resources */,
			);
			buildRules = (
			);
			dependencies = (
			);
			name = "WatchLandmarks Extension";
			productName = "WatchLandmarks Extension";
			productReference = E362EA09269D7C1E00E5AE79 /* WatchLandmarks Extension.appex */;
			productType = "com.apple.product-type.watchkit2-extension";
		};
		E3EAF96D268850AC00DA609E /* Landmarks */ = {
			isa = PBXNativeTarget;
			buildConfigurationList = E3EAF97D268850AD00DA609E /* Build configuration list for PBXNativeTarget "Landmarks" */;
			buildPhases = (
				E3EAF96A268850AC00DA609E /* Sources */,
				E3EAF96B268850AC00DA609E /* Frameworks */,
				E3EAF96C268850AC00DA609E /* Resources */,
				E362EA22269D7C1F00E5AE79 /* Embed Watch Content */,
			);
			buildRules = (
			);
			dependencies = (
				E362EA20269D7C1F00E5AE79 /* PBXTargetDependency */,
			);
			name = Landmarks;
			productName = Landmarks;
			productReference = E3EAF96E268850AC00DA609E /* Landmarks.app */;
			productType = "com.apple.product-type.application";
		};
/* End PBXNativeTarget section */

/* Begin PBXProject section */
		E3EAF966268850AC00DA609E /* Project object */ = {
			isa = PBXProject;
			attributes = {
				LastSwiftUpdateCheck = 1250;
				LastUpgradeCheck = 1250;
				TargetAttributes = {
					E362E9FF269D7C1D00E5AE79 = {
						CreatedOnToolsVersion = 12.5;
					};
					E362EA08269D7C1E00E5AE79 = {
						CreatedOnToolsVersion = 12.5;
					};
					E3EAF96D268850AC00DA609E = {
						CreatedOnToolsVersion = 12.5;
					};
				};
			};
			buildConfigurationList = E3EAF969268850AC00DA609E /* Build configuration list for PBXProject "Landmarks" */;
			compatibilityVersion = "Xcode 9.3";
			developmentRegion = en;
			hasScannedForEncodings = 0;
			knownRegions = (
				en,
				Base,
			);
			mainGroup = E3EAF965268850AC00DA609E;
			productRefGroup = E3EAF96F268850AC00DA609E /* Products */;
			projectDirPath = "";
			projectRoot = "";
			targets = (
				E3EAF96D268850AC00DA609E /* Landmarks */,
				E362E9FF269D7C1D00E5AE79 /* WatchLandmarks */,
				E362EA08269D7C1E00E5AE79 /* WatchLandmarks Extension */,
			);
		};
/* End PBXProject section */

/* Begin PBXResourcesBuildPhase section */
		E362E9FE269D7C1D00E5AE79 /* Resources */ = {
			isa = PBXResourcesBuildPhase;
			buildActionMask = 2147483647;
			files = (
				E362EA03269D7C1E00E5AE79 /* Assets.xcassets in Resources */,
			);
			runOnlyForDeploymentPostprocessing = 0;
		};
		E362EA07269D7C1E00E5AE79 /* Resources */ = {
			isa = PBXResourcesBuildPhase;
			buildActionMask = 2147483647;
			files = (
				E362EA1C269D7C1F00E5AE79 /* Preview Assets.xcassets in Resources */,
				E362EA19269D7C1F00E5AE79 /* Assets.xcassets in Resources */,
				E362EA37269D7E2800E5AE79 /* Assets.xcassets in Resources */,
				E362EA36269D7E2800E5AE79 /* landmarkData.json in Resources */,
				E362EA3C269D7E2800E5AE79 /* hikeData.json in Resources */,
			);
			runOnlyForDeploymentPostprocessing = 0;
		};
		E3EAF96C268850AC00DA609E /* Resources */ = {
			isa = PBXResourcesBuildPhase;
			buildActionMask = 2147483647;
			files = (
				E3F2EDB42692E001002FBD32 /* hikeData.json in Resources */,
				E3EAF979268850AD00DA609E /* Preview Assets.xcassets in Resources */,
				E3EAF976268850AD00DA609E /* Assets.xcassets in Resources */,
				E38AB25C26885DCC0077B1DE /* landmarkData.json in Resources */,
			);
			runOnlyForDeploymentPostprocessing = 0;
		};
/* End PBXResourcesBuildPhase section */

/* Begin PBXSourcesBuildPhase section */
		E362EA05269D7C1E00E5AE79 /* Sources */ = {
			isa = PBXSourcesBuildPhase;
			buildActionMask = 2147483647;
			files = (
				E362EA41269D7E2800E5AE79 /* Landmark.swift in Sources */,
				E362EA3A269D7E2800E5AE79 /* MapView.swift in Sources */,
				E362EA40269D7E2800E5AE79 /* Profile.swift in Sources */,
				E362EA3F269D7E2800E5AE79 /* LandmarkList.swift in Sources */,
				E362EA13269D7C1E00E5AE79 /* NotificationController.swift in Sources */,
				E362EA11269D7C1E00E5AE79 /* ContentView.swift in Sources */,
				E362EA43269D7F0600E5AE79 /* LandmarkDetail.swift in Sources */,
				E362EA17269D7C1E00E5AE79 /* ComplicationController.swift in Sources */,
				E362EA38269D7E2800E5AE79 /* LandmarksApp.swift in Sources */,
				E362EA3B269D7E2800E5AE79 /* ModelData.swift in Sources */,
				E362EA3D269D7E2800E5AE79 /* Hike.swift in Sources */,
				E362EA15269D7C1E00E5AE79 /* NotificationView.swift in Sources */,
				E362EA3E269D7E2800E5AE79 /* LandmarkRow.swift in Sources */,
				E362EA39269D7E2800E5AE79 /* CircleImage.swift in Sources */,
			);
			runOnlyForDeploymentPostprocessing = 0;
		};
		E3EAF96A268850AC00DA609E /* Sources */ = {
			isa = PBXSourcesBuildPhase;
			buildActionMask = 2147483647;
			files = (
				E3E667E0269435030090C9AC /* CategoryRow.swift in Sources */,
				E3E667E42695D42E0090C9AC /* Profile.swift in Sources */,
				E3EAF974268850AC00DA609E /* ContentView.swift in Sources */,
				E3E667DD26942DB50090C9AC /* CategoryHome.swift in Sources */,
				E362E9F9269C1B6900E5AE79 /* FeatureCard.swift in Sources */,
				E3F2EDBD2692E244002FBD32 /* HikeGraph.swift in Sources */,
				E3A0B0D8268966D2002DE0B0 /* Badge.swift in Sources */,
				E38AB25A268857570077B1DE /* MapView.swift in Sources */,
				E3F2EDBC2692E244002FBD32 /* GraphCapsule.swift in Sources */,
				E3EAF972268850AC00DA609E /* LandmarksApp.swift in Sources */,
				E362E9FD269C400800E5AE79 /* PageControl.swift in Sources */,
				E3A0B0CC2688AC9F002DE0B0 /* FavoriteButton.swift in Sources */,
				E3E667E2269436D90090C9AC /* CategoryItem.swift in Sources */,
				E3F2EDBE2692E244002FBD32 /* HikeDetail.swift in Sources */,
				E3E667E92695D62B0090C9AC /* ProfileSummary.swift in Sources */,
				E3A0B0D02688B994002DE0B0 /* HexagonParameters.swift in Sources */,
				E3E667E62695D5830090C9AC /* ProfileHost.swift in Sources */,
				E3F2EDB62692E01A002FBD32 /* Hike.swift in Sources */,
				E3A0B0D6268965FF002DE0B0 /* RotatedBadgeSymbol.swift in Sources */,
				E362E9FB269C1DC700E5AE79 /* PageView.swift in Sources */,
				E3A0B0D426896121002DE0B0 /* BadgeSymbol.swift in Sources */,
				E3CDD57F26972F1900FD1EFB /* ProfileEditor.swift in Sources */,
				E38AB267268866DC0077B1DE /* LandmarkList.swift in Sources */,
				E3F2EDBF2692E244002FBD32 /* HikeView.swift in Sources */,
				E38AB269268868750077B1DE /* LandmarkDetail.swift in Sources */,
				E362E9F6269C186500E5AE79 /* PageViewController.swift in Sources */,
				E3A0B0D22688BBF6002DE0B0 /* BadgeBackground.swift in Sources */,
				E3E667EB2695D7C00090C9AC /* HikeBadge.swift in Sources */,
				E38AB258268855B20077B1DE /* CircleImage.swift in Sources */,
				E38AB25E26885E050077B1DE /* Landmark.swift in Sources */,
				E38AB265268864AC0077B1DE /* LandmarkRow.swift in Sources */,
				E38AB260268861DF0077B1DE /* ModelData.swift in Sources */,
			);
			runOnlyForDeploymentPostprocessing = 0;
		};
/* End PBXSourcesBuildPhase section */

/* Begin PBXTargetDependency section */
		E362EA0C269D7C1E00E5AE79 /* PBXTargetDependency */ = {
			isa = PBXTargetDependency;
			target = E362EA08269D7C1E00E5AE79 /* WatchLandmarks Extension */;
			targetProxy = E362EA0B269D7C1E00E5AE79 /* PBXContainerItemProxy */;
		};
		E362EA20269D7C1F00E5AE79 /* PBXTargetDependency */ = {
			isa = PBXTargetDependency;
			target = E362E9FF269D7C1D00E5AE79 /* WatchLandmarks */;
			targetProxy = E362EA1F269D7C1F00E5AE79 /* PBXContainerItemProxy */;
		};
/* End PBXTargetDependency section */

/* Begin XCBuildConfiguration section */
		E362EA23269D7C1F00E5AE79 /* Debug */ = {
			isa = XCBuildConfiguration;
			buildSettings = {
				ALWAYS_EMBED_SWIFT_STANDARD_LIBRARIES = YES;
				ASSETCATALOG_COMPILER_APPICON_NAME = AppIcon;
				ASSETCATALOG_COMPILER_GLOBAL_ACCENT_COLOR_NAME = AccentColor;
				CODE_SIGN_STYLE = Automatic;
				DEVELOPMENT_TEAM = 3D249R46W6;
				IBSC_MODULE = WatchLandmarks_Extension;
				INFOPLIST_FILE = WatchLandmarks/Info.plist;
				PRODUCT_BUNDLE_IDENTIFIER = com.swiftui.Landmarks.watchkitapp;
				PRODUCT_NAME = "$(TARGET_NAME)";
				SDKROOT = watchos;
				SKIP_INSTALL = YES;
				SWIFT_VERSION = 5.0;
				TARGETED_DEVICE_FAMILY = 4;
				WATCHOS_DEPLOYMENT_TARGET = 7.4;
			};
			name = Debug;
		};
		E362EA24269D7C1F00E5AE79 /* Release */ = {
			isa = XCBuildConfiguration;
			buildSettings = {
				ALWAYS_EMBED_SWIFT_STANDARD_LIBRARIES = YES;
				ASSETCATALOG_COMPILER_APPICON_NAME = AppIcon;
				ASSETCATALOG_COMPILER_GLOBAL_ACCENT_COLOR_NAME = AccentColor;
				CODE_SIGN_STYLE = Automatic;
				DEVELOPMENT_TEAM = 3D249R46W6;
				IBSC_MODULE = WatchLandmarks_Extension;
				INFOPLIST_FILE = WatchLandmarks/Info.plist;
				PRODUCT_BUNDLE_IDENTIFIER = com.swiftui.Landmarks.watchkitapp;
				PRODUCT_NAME = "$(TARGET_NAME)";
				SDKROOT = watchos;
				SKIP_INSTALL = YES;
				SWIFT_VERSION = 5.0;
				TARGETED_DEVICE_FAMILY = 4;
				WATCHOS_DEPLOYMENT_TARGET = 7.4;
			};
			name = Release;
		};
		E362EA26269D7C1F00E5AE79 /* Debug */ = {
			isa = XCBuildConfiguration;
			buildSettings = {
				ASSETCATALOG_COMPILER_COMPLICATION_NAME = Complication;
				CODE_SIGN_STYLE = Automatic;
				DEVELOPMENT_ASSET_PATHS = "\"WatchLandmarks Extension/Preview Content\"";
				DEVELOPMENT_TEAM = 3D249R46W6;
				ENABLE_PREVIEWS = YES;
				INFOPLIST_FILE = "WatchLandmarks Extension/Info.plist";
				LD_RUNPATH_SEARCH_PATHS = (
					"$(inherited)",
					"@executable_path/Frameworks",
					"@executable_path/../../Frameworks",
				);
				PRODUCT_BUNDLE_IDENTIFIER = com.swiftui.Landmarks.watchkitapp.watchkitextension;
				PRODUCT_NAME = "${TARGET_NAME}";
				SDKROOT = watchos;
				SKIP_INSTALL = YES;
				SWIFT_VERSION = 5.0;
				TARGETED_DEVICE_FAMILY = 4;
				WATCHOS_DEPLOYMENT_TARGET = 7.4;
			};
			name = Debug;
		};
		E362EA27269D7C1F00E5AE79 /* Release */ = {
			isa = XCBuildConfiguration;
			buildSettings = {
				ASSETCATALOG_COMPILER_COMPLICATION_NAME = Complication;
				CODE_SIGN_STYLE = Automatic;
				DEVELOPMENT_ASSET_PATHS = "\"WatchLandmarks Extension/Preview Content\"";
				DEVELOPMENT_TEAM = 3D249R46W6;
				ENABLE_PREVIEWS = YES;
				INFOPLIST_FILE = "WatchLandmarks Extension/Info.plist";
				LD_RUNPATH_SEARCH_PATHS = (
					"$(inherited)",
					"@executable_path/Frameworks",
					"@executable_path/../../Frameworks",
				);
				PRODUCT_BUNDLE_IDENTIFIER = com.swiftui.Landmarks.watchkitapp.watchkitextension;
				PRODUCT_NAME = "${TARGET_NAME}";
				SDKROOT = watchos;
				SKIP_INSTALL = YES;
				SWIFT_VERSION = 5.0;
				TARGETED_DEVICE_FAMILY = 4;
				WATCHOS_DEPLOYMENT_TARGET = 7.4;
			};
			name = Release;
		};
		E3EAF97B268850AD00DA609E /* Debug */ = {
			isa = XCBuildConfiguration;
			buildSettings = {
				ALWAYS_SEARCH_USER_PATHS = NO;
				CLANG_ANALYZER_NONNULL = YES;
				CLANG_ANALYZER_NUMBER_OBJECT_CONVERSION = YES_AGGRESSIVE;
				CLANG_CXX_LANGUAGE_STANDARD = "gnu++14";
				CLANG_CXX_LIBRARY = "libc++";
				CLANG_ENABLE_MODULES = YES;
				CLANG_ENABLE_OBJC_ARC = YES;
				CLANG_ENABLE_OBJC_WEAK = YES;
				CLANG_WARN_BLOCK_CAPTURE_AUTORELEASING = YES;
				CLANG_WARN_BOOL_CONVERSION = YES;
				CLANG_WARN_COMMA = YES;
				CLANG_WARN_CONSTANT_CONVERSION = YES;
				CLANG_WARN_DEPRECATED_OBJC_IMPLEMENTATIONS = YES;
				CLANG_WARN_DIRECT_OBJC_ISA_USAGE = YES_ERROR;
				CLANG_WARN_DOCUMENTATION_COMMENTS = YES;
				CLANG_WARN_EMPTY_BODY = YES;
				CLANG_WARN_ENUM_CONVERSION = YES;
				CLANG_WARN_INFINITE_RECURSION = YES;
				CLANG_WARN_INT_CONVERSION = YES;
				CLANG_WARN_NON_LITERAL_NULL_CONVERSION = YES;
				CLANG_WARN_OBJC_IMPLICIT_RETAIN_SELF = YES;
				CLANG_WARN_OBJC_LITERAL_CONVERSION = YES;
				CLANG_WARN_OBJC_ROOT_CLASS = YES_ERROR;
				CLANG_WARN_QUOTED_INCLUDE_IN_FRAMEWORK_HEADER = YES;
				CLANG_WARN_RANGE_LOOP_ANALYSIS = YES;
				CLANG_WARN_STRICT_PROTOTYPES = YES;
				CLANG_WARN_SUSPICIOUS_MOVE = YES;
				CLANG_WARN_UNGUARDED_AVAILABILITY = YES_AGGRESSIVE;
				CLANG_WARN_UNREACHABLE_CODE = YES;
				CLANG_WARN__DUPLICATE_METHOD_MATCH = YES;
				COPY_PHASE_STRIP = NO;
				DEBUG_INFORMATION_FORMAT = dwarf;
				ENABLE_STRICT_OBJC_MSGSEND = YES;
				ENABLE_TESTABILITY = YES;
				GCC_C_LANGUAGE_STANDARD = gnu11;
				GCC_DYNAMIC_NO_PIC = NO;
				GCC_NO_COMMON_BLOCKS = YES;
				GCC_OPTIMIZATION_LEVEL = 0;
				GCC_PREPROCESSOR_DEFINITIONS = (
					"DEBUG=1",
					"$(inherited)",
				);
				GCC_WARN_64_TO_32_BIT_CONVERSION = YES;
				GCC_WARN_ABOUT_RETURN_TYPE = YES_ERROR;
				GCC_WARN_UNDECLARED_SELECTOR = YES;
				GCC_WARN_UNINITIALIZED_AUTOS = YES_AGGRESSIVE;
				GCC_WARN_UNUSED_FUNCTION = YES;
				GCC_WARN_UNUSED_VARIABLE = YES;
				IPHONEOS_DEPLOYMENT_TARGET = 14.5;
				MTL_ENABLE_DEBUG_INFO = INCLUDE_SOURCE;
				MTL_FAST_MATH = YES;
				ONLY_ACTIVE_ARCH = YES;
				SDKROOT = iphoneos;
				SWIFT_ACTIVE_COMPILATION_CONDITIONS = DEBUG;
				SWIFT_OPTIMIZATION_LEVEL = "-Onone";
			};
			name = Debug;
		};
		E3EAF97C268850AD00DA609E /* Release */ = {
			isa = XCBuildConfiguration;
			buildSettings = {
				ALWAYS_SEARCH_USER_PATHS = NO;
				CLANG_ANALYZER_NONNULL = YES;
				CLANG_ANALYZER_NUMBER_OBJECT_CONVERSION = YES_AGGRESSIVE;
				CLANG_CXX_LANGUAGE_STANDARD = "gnu++14";
				CLANG_CXX_LIBRARY = "libc++";
				CLANG_ENABLE_MODULES = YES;
				CLANG_ENABLE_OBJC_ARC = YES;
				CLANG_ENABLE_OBJC_WEAK = YES;
				CLANG_WARN_BLOCK_CAPTURE_AUTORELEASING = YES;
				CLANG_WARN_BOOL_CONVERSION = YES;
				CLANG_WARN_COMMA = YES;
				CLANG_WARN_CONSTANT_CONVERSION = YES;
				CLANG_WARN_DEPRECATED_OBJC_IMPLEMENTATIONS = YES;
				CLANG_WARN_DIRECT_OBJC_ISA_USAGE = YES_ERROR;
				CLANG_WARN_DOCUMENTATION_COMMENTS = YES;
				CLANG_WARN_EMPTY_BODY = YES;
				CLANG_WARN_ENUM_CONVERSION = YES;
				CLANG_WARN_INFINITE_RECURSION = YES;
				CLANG_WARN_INT_CONVERSION = YES;
				CLANG_WARN_NON_LITERAL_NULL_CONVERSION = YES;
				CLANG_WARN_OBJC_IMPLICIT_RETAIN_SELF = YES;
				CLANG_WARN_OBJC_LITERAL_CONVERSION = YES;
				CLANG_WARN_OBJC_ROOT_CLASS = YES_ERROR;
				CLANG_WARN_QUOTED_INCLUDE_IN_FRAMEWORK_HEADER = YES;
				CLANG_WARN_RANGE_LOOP_ANALYSIS = YES;
				CLANG_WARN_STRICT_PROTOTYPES = YES;
				CLANG_WARN_SUSPICIOUS_MOVE = YES;
				CLANG_WARN_UNGUARDED_AVAILABILITY = YES_AGGRESSIVE;
				CLANG_WARN_UNREACHABLE_CODE = YES;
				CLANG_WARN__DUPLICATE_METHOD_MATCH = YES;
				COPY_PHASE_STRIP = NO;
				DEBUG_INFORMATION_FORMAT = "dwarf-with-dsym";
				ENABLE_NS_ASSERTIONS = NO;
				ENABLE_STRICT_OBJC_MSGSEND = YES;
				GCC_C_LANGUAGE_STANDARD = gnu11;
				GCC_NO_COMMON_BLOCKS = YES;
				GCC_WARN_64_TO_32_BIT_CONVERSION = YES;
				GCC_WARN_ABOUT_RETURN_TYPE = YES_ERROR;
				GCC_WARN_UNDECLARED_SELECTOR = YES;
				GCC_WARN_UNINITIALIZED_AUTOS = YES_AGGRESSIVE;
				GCC_WARN_UNUSED_FUNCTION = YES;
				GCC_WARN_UNUSED_VARIABLE = YES;
				IPHONEOS_DEPLOYMENT_TARGET = 14.5;
				MTL_ENABLE_DEBUG_INFO = NO;
				MTL_FAST_MATH = YES;
				SDKROOT = iphoneos;
				SWIFT_COMPILATION_MODE = wholemodule;
				SWIFT_OPTIMIZATION_LEVEL = "-O";
				VALIDATE_PRODUCT = YES;
			};
			name = Release;
		};
		E3EAF97E268850AD00DA609E /* Debug */ = {
			isa = XCBuildConfiguration;
			buildSettings = {
				ASSETCATALOG_COMPILER_APPICON_NAME = AppIcon;
				ASSETCATALOG_COMPILER_GLOBAL_ACCENT_COLOR_NAME = AccentColor;
				CODE_SIGN_STYLE = Automatic;
				DEVELOPMENT_ASSET_PATHS = "\"Landmarks/Preview Content\"";
				DEVELOPMENT_TEAM = 3D249R46W6;
				ENABLE_PREVIEWS = YES;
				INFOPLIST_FILE = Landmarks/Info.plist;
				IPHONEOS_DEPLOYMENT_TARGET = 14.0;
				LD_RUNPATH_SEARCH_PATHS = (
					"$(inherited)",
					"@executable_path/Frameworks",
				);
				PRODUCT_BUNDLE_IDENTIFIER = com.swiftui.Landmarks;
				PRODUCT_NAME = "$(TARGET_NAME)";
				SWIFT_VERSION = 5.0;
				TARGETED_DEVICE_FAMILY = "1,2";
			};
			name = Debug;
		};
		E3EAF97F268850AD00DA609E /* Release */ = {
			isa = XCBuildConfiguration;
			buildSettings = {
				ASSETCATALOG_COMPILER_APPICON_NAME = AppIcon;
				ASSETCATALOG_COMPILER_GLOBAL_ACCENT_COLOR_NAME = AccentColor;
				CODE_SIGN_STYLE = Automatic;
				DEVELOPMENT_ASSET_PATHS = "\"Landmarks/Preview Content\"";
				DEVELOPMENT_TEAM = 3D249R46W6;
				ENABLE_PREVIEWS = YES;
				INFOPLIST_FILE = Landmarks/Info.plist;
				IPHONEOS_DEPLOYMENT_TARGET = 14.0;
				LD_RUNPATH_SEARCH_PATHS = (
					"$(inherited)",
					"@executable_path/Frameworks",
				);
				PRODUCT_BUNDLE_IDENTIFIER = com.swiftui.Landmarks;
				PRODUCT_NAME = "$(TARGET_NAME)";
				SWIFT_VERSION = 5.0;
				TARGETED_DEVICE_FAMILY = "1,2";
			};
			name = Release;
		};
/* End XCBuildConfiguration section */

/* Begin XCConfigurationList section */
		E362EA28269D7C1F00E5AE79 /* Build configuration list for PBXNativeTarget "WatchLandmarks Extension" */ = {
			isa = XCConfigurationList;
			buildConfigurations = (
				E362EA26269D7C1F00E5AE79 /* Debug */,
				E362EA27269D7C1F00E5AE79 /* Release */,
			);
			defaultConfigurationIsVisible = 0;
			defaultConfigurationName = Release;
		};
		E362EA29269D7C1F00E5AE79 /* Build configuration list for PBXNativeTarget "WatchLandmarks" */ = {
			isa = XCConfigurationList;
			buildConfigurations = (
				E362EA23269D7C1F00E5AE79 /* Debug */,
				E362EA24269D7C1F00E5AE79 /* Release */,
			);
			defaultConfigurationIsVisible = 0;
			defaultConfigurationName = Release;
		};
		E3EAF969268850AC00DA609E /* Build configuration list for PBXProject "Landmarks" */ = {
			isa = XCConfigurationList;
			buildConfigurations = (
				E3EAF97B268850AD00DA609E /* Debug */,
				E3EAF97C268850AD00DA609E /* Release */,
			);
			defaultConfigurationIsVisible = 0;
			defaultConfigurationName = Release;
		};
		E3EAF97D268850AD00DA609E /* Build configuration list for PBXNativeTarget "Landmarks" */ = {
			isa = XCConfigurationList;
			buildConfigurations = (
				E3EAF97E268850AD00DA609E /* Debug */,
				E3EAF97F268850AD00DA609E /* Release */,
			);
			defaultConfigurationIsVisible = 0;
			defaultConfigurationName = Release;
		};
/* End XCConfigurationList section */
	};
	rootObject = E3EAF966268850AC00DA609E /* Project object */;
}
